<Solution>
  <Folder Name="/Client/">
    <Project Path="Client/Prm.Console/Prm.Console.csproj" />
  </Folder>
  <Folder Name="/Server/">
    <Project Path="Server/Prm.Api/Prm.Api.csproj" />
    <Project Path="Server/Prm.Application/Prm.Application.csproj" />
    <Project Path="Server/Prm.Domain/Prm.Domain.csproj" />
    <Project Path="Server/Prm.Infrastructure/Prm.Infrastructure.csproj" />
  </Folder>
  <Folder Name="/tests/">
    <Project Path="tests/Prm.Tests.Integration/Prm.Tests.Integration.csproj" />
    <Project Path="tests/Prm.Tests/Prm.Tests.csproj" />
  </Folder>
  <Folder Name="/tools/">
    <Project Path="tools/Prm.DbReset/Prm.DbReset.csproj" />
  </Folder>
</Solution>
